
Microsoft Visual Studio Solution File, Format Version 12.00
# Visual Studio Version 16
VisualStudioVersion = 16.0.32630.194
MinimumVisualStudioVersion = 10.0.40219.1
Project("{FAE04EC0-301F-11D3-BF4B-00C04F79EFBC}") = "Usando_BancoDeDados_SQLServer", "Usando_BancoDeDados_SQLServer.csproj", "{15FEE7D2-27DC-48B8-A317-679594CC3755}"
EndProject
Global
	GlobalSection(SolutionConfigurationPlatforms) = preSolution
		Debug|Any CPU = Debug|Any CPU
		Release|Any CPU = Release|Any CPU
	EndGlobalSection
	GlobalSection(ProjectConfigurationPlatforms) = postSolution
		{15FEE7D2-27DC-48B8-A317-679594CC3755}.Debug|Any CPU.ActiveCfg = Debug|Any CPU
		{15FEE7D2-27DC-48B8-A317-679594CC3755}.Debug|Any CPU.Build.0 = Debug|Any CPU
		{15FEE7D2-27DC-48B8-A317-679594CC3755}.Release|Any CPU.ActiveCfg = Release|Any CPU
		{15FEE7D2-27DC-48B8-A317-679594CC3755}.Release|Any CPU.Build.0 = Release|Any CPU
	EndGlobalSection
	GlobalSection(SolutionProperties) = preSolution
		HideSolutionNode = FALSE
	EndGlobalSection
	GlobalSection(ExtensibilityGlobals) = postSolution
		SolutionGuid = {AAD1D943-9C9B-42FF-80ED-3FAFEB44E67D}
	EndGlobalSection
EndGlobal
